{
  "name": "ags-home",
  "version": "1.0.0",
  "lockfileVersion": 3,
  "requires": true,
  "packages": {
    "": {
      "name": "ags-home",
      "version": "1.0.0",
      "license": "ISC",
      "dependencies": {
        "astal": "^0.1.0"
      },
      "devDependencies": {
        "@girs/glib-2.0": "^2.88.0-4.0.0-rc.4",
        "@girs/gobject-2.0": "^2.88.0-4.0.0-rc.4",
        "@girs/gtk-4.0": "^4.23.0-4.0.0-rc.4"
      }
    },
    "../../../../../../../src/astal/lang/gjs": {
      "name": "astal",
      "version": "0.1.0",
      "license": "LGPL-2.1",
      "os": [
        "linux"
      ],
      "devDependencies": {
        "@eslint/js": "^9.12.0",
        "@stylistic/eslint-plugin": "^2.9.0",
        "@ts-for-gir/cli": "^4.0.0-beta.16",
        "@types/eslint__js": "^8.42.3",
        "eslint": "^8.57.1",
        "typescript": "^5.6.3",
        "typescript-eslint": "^7.18.0"
      },
      "engines": {
        "gjs": ">=1.79.0"
      },
      "funding": {
        "type": "kofi",
        "url": "https://ko-fi.com/aylur"
      }
    },
    "node_modules/@girs/cairo-1.0": {
      "version": "1.0.0-4.0.0-rc.4",
      "resolved": "https://registry.npmjs.org/@girs/cairo-1.0/-/cairo-1.0-1.0.0-4.0.0-rc.4.tgz",
      "integrity": "sha512-qBDdR1OtUnTwFLK1CfbUDzuLy8m3ZjcXGsD0P1NT2AiRVXRKs5gFLaH5iZ2Fxe/2BxeqjTYR8akesFpz1clBsQ==",
      "dev": true,
      "license": "MIT",
      "dependencies": {
        "@girs/gjs": "4.0.0-rc.4",
        "@girs/glib-2.0": "2.88.0-4.0.0-rc.4",
        "@girs/gobject-2.0": "2.88.0-4.0.0-rc.4"
      }
    },
    "node_modules/@girs/freetype2-2.0": {
      "version": "2.0.0-4.0.0-rc.4",
      "resolved": "https://registry.npmjs.org/@girs/freetype2-2.0/-/freetype2-2.0-2.0.0-4.0.0-rc.4.tgz",
      "integrity": "sha512-rONO4ZdSBKb7/InosphsYOqUt6TuE8TBaGU7X/mXhzI/qD8PN3zAcYeZd3GLHqa83WFSiQJgTahsDsnkw4QBIg==",
      "dev": true,
      "license": "MIT",
      "dependencies": {
        "@girs/gjs": "4.0.0-rc.4",
        "@girs/gobject-2.0": "2.88.0-4.0.0-rc.4"
      }
    },
    "node_modules/@girs/gdk-4.0": {
      "version": "4.0.0-4.0.0-rc.4",
      "resolved": "https://registry.npmjs.org/@girs/gdk-4.0/-/gdk-4.0-4.0.0-4.0.0-rc.4.tgz",
      "integrity": "sha512-iSOs3/IB2cpIQeKTCeMEay5yo46jBhTJ1wMIoulc7xkD3J4WgmZXIdh4z0ptR1yViriySHr0zlOvoF8fswty9g==",
      "dev": true,
      "license": "MIT",
      "dependencies": {
        "@girs/cairo-1.0": "1.0.0-4.0.0-rc.4",
        "@girs/freetype2-2.0": "2.0.0-4.0.0-rc.4",
        "@girs/gdkpixbuf-2.0": "2.0.0-4.0.0-rc.4",
        "@girs/gio-2.0": "2.88.0-4.0.0-rc.4",
        "@girs/gjs": "4.0.0-rc.4",
        "@girs/glib-2.0": "2.88.0-4.0.0-rc.4",
        "@girs/gmodule-2.0": "2.0.0-4.0.0-rc.4",
        "@girs/gobject-2.0": "2.88.0-4.0.0-rc.4",
        "@girs/harfbuzz-0.0": "13.2.1-4.0.0-rc.4",
        "@girs/pango-1.0": "1.57.1-4.0.0-rc.4",
        "@girs/pangocairo-1.0": "1.0.0-4.0.0-rc.4"
      }
    },
    "node_modules/@girs/gdkpixbuf-2.0": {
      "version": "2.0.0-4.0.0-rc.4",
      "resolved": "https://registry.npmjs.org/@girs/gdkpixbuf-2.0/-/gdkpixbuf-2.0-2.0.0-4.0.0-rc.4.tgz",
      "integrity": "sha512-R6v0A8UKUCuHvRuCSMN96cFQ00yB7r7WGTavoYgv7ixIkZZPXovz7WAIFyqjhQCoUQ1gXwcd+d+JDxLsYxg83Q==",
      "dev": true,
      "license": "MIT",
      "dependencies": {
        "@girs/gio-2.0": "2.88.0-4.0.0-rc.4",
        "@girs/gjs": "4.0.0-rc.4",
        "@girs/glib-2.0": "2.88.0-4.0.0-rc.4",
        "@girs/gmodule-2.0": "2.0.0-4.0.0-rc.4",
        "@girs/gobject-2.0": "2.88.0-4.0.0-rc.4"
      }
    },
    "node_modules/@girs/gio-2.0": {
      "version": "2.88.0-4.0.0-rc.4",
      "resolved": "https://registry.npmjs.org/@girs/gio-2.0/-/gio-2.0-2.88.0-4.0.0-rc.4.tgz",
      "integrity": "sha512-mrmtA7VBHKZ7JY6yRL1Z9M0tLNmL4S+7XNcIhTwxRQK0GGysZj5/DfY8JVdWgIJ+k+EYiB9qH3SPJuM/0Q6/sw==",
      "dev": true,
      "license": "MIT",
      "dependencies": {
        "@girs/gjs": "4.0.0-rc.4",
        "@girs/glib-2.0": "2.88.0-4.0.0-rc.4",
        "@girs/gmodule-2.0": "2.0.0-4.0.0-rc.4",
        "@girs/gobject-2.0": "2.88.0-4.0.0-rc.4"
      }
    },
    "node_modules/@girs/gjs": {
      "version": "4.0.0-rc.4",
      "resolved": "https://registry.npmjs.org/@girs/gjs/-/gjs-4.0.0-rc.4.tgz",
      "integrity": "sha512-+UBaMldArYuoMiPZK3K9mjjl1pSPHl07l9LQoOF5HJeGpejLDXROCUhY3L0SRS1iGRSDp0KX6XXB3D4xuYAX2A==",
      "dev": true,
      "license": "MIT",
      "dependencies": {
        "@girs/cairo-1.0": "1.0.0-4.0.0-rc.4",
        "@girs/gio-2.0": "2.88.0-4.0.0-rc.4",
        "@girs/glib-2.0": "2.88.0-4.0.0-rc.4",
        "@girs/gobject-2.0": "2.88.0-4.0.0-rc.4"
      }
    },
    "node_modules/@girs/glib-2.0": {
      "version": "2.88.0-4.0.0-rc.4",
      "resolved": "https://registry.npmjs.org/@girs/glib-2.0/-/glib-2.0-2.88.0-4.0.0-rc.4.tgz",
      "integrity": "sha512-0KmxN6FcT9pUdfgyFrQYRlk96WIkhmcN9y1jb5Yt6bDsvh1l5JO4gRjIxuJwf8Ocm7/meOMQ47+U5EMzpzmZJA==",
      "dev": true,
      "license": "MIT",
      "dependencies": {
        "@girs/gjs": "4.0.0-rc.4",
        "@girs/gobject-2.0": "2.88.0-4.0.0-rc.4"
      }
    },
    "node_modules/@girs/gmodule-2.0": {
      "version": "2.0.0-4.0.0-rc.4",
      "resolved": "https://registry.npmjs.org/@girs/gmodule-2.0/-/gmodule-2.0-2.0.0-4.0.0-rc.4.tgz",
      "integrity": "sha512-nKkQA6xO/B/o6WJrHdG/Tc665tEzY3VvwHUMgrLRmE+QRAULsreAH2AnNlEM2OQf+PqigfaCnYmyTfoD9QsV0Q==",
      "dev": true,
      "license": "MIT",
      "dependencies": {
        "@girs/gjs": "4.0.0-rc.4",
        "@girs/glib-2.0": "2.88.0-4.0.0-rc.4",
        "@girs/gobject-2.0": "2.88.0-4.0.0-rc.4"
      }
    },
    "node_modules/@girs/gobject-2.0": {
      "version": "2.88.0-4.0.0-rc.4",
      "resolved": "https://registry.npmjs.org/@girs/gobject-2.0/-/gobject-2.0-2.88.0-4.0.0-rc.4.tgz",
      "integrity": "sha512-/5j3sJ3B9jXu/2gflqijASnfQmN9y1rjVf99WfQcJzz1zYxbtuzoZK3C9aHvDnwJtVkuZuwlbt7LbYFLJzBrvw==",
      "dev": true,
      "license": "MIT",
      "dependencies": {
        "@girs/gjs": "4.0.0-rc.4",
        "@girs/glib-2.0": "2.88.0-4.0.0-rc.4"
      }
    },
    "node_modules/@girs/graphene-1.0": {
      "version": "1.0.0-4.0.0-rc.4",
      "resolved": "https://registry.npmjs.org/@girs/graphene-1.0/-/graphene-1.0-1.0.0-4.0.0-rc.4.tgz",
      "integrity": "sha512-l6nN7LvikmYSOBPKwz903VJnR+IwIt1AkSEFXBnauoD5HXcEpUU0f3Sdq+p+b8VVapax0JJe5lLbr354Fduoqg==",
      "dev": true,
      "license": "MIT",
      "dependencies": {
        "@girs/gjs": "4.0.0-rc.4",
        "@girs/glib-2.0": "2.88.0-4.0.0-rc.4",
        "@girs/gobject-2.0": "2.88.0-4.0.0-rc.4"
      }
    },
    "node_modules/@girs/gsk-4.0": {
      "version": "4.0.0-4.0.0-rc.4",
      "resolved": "https://registry.npmjs.org/@girs/gsk-4.0/-/gsk-4.0-4.0.0-4.0.0-rc.4.tgz",
      "integrity": "sha512-nORTLCm8dXb0be2/SRDqYxvJbV2phF9Y+8Bw7I4A4Zkjzh70s67cDbRnSwVIS5VKB8leJRH231Khe6FMNaEJRg==",
      "dev": true,
      "license": "MIT",
      "dependencies": {
        "@girs/cairo-1.0": "1.0.0-4.0.0-rc.4",
        "@girs/freetype2-2.0": "2.0.0-4.0.0-rc.4",
        "@girs/gdk-4.0": "4.0.0-4.0.0-rc.4",
        "@girs/gdkpixbuf-2.0": "2.0.0-4.0.0-rc.4",
        "@girs/gio-2.0": "2.88.0-4.0.0-rc.4",
        "@girs/gjs": "4.0.0-rc.4",
        "@girs/glib-2.0": "2.88.0-4.0.0-rc.4",
        "@girs/gmodule-2.0": "2.0.0-4.0.0-rc.4",
        "@girs/gobject-2.0": "2.88.0-4.0.0-rc.4",
        "@girs/graphene-1.0": "1.0.0-4.0.0-rc.4",
        "@girs/harfbuzz-0.0": "13.2.1-4.0.0-rc.4",
        "@girs/pango-1.0": "1.57.1-4.0.0-rc.4",
        "@girs/pangocairo-1.0": "1.0.0-4.0.0-rc.4"
      }
    },
    "node_modules/@girs/gtk-4.0": {
      "version": "4.23.0-4.0.0-rc.4",
      "resolved": "https://registry.npmjs.org/@girs/gtk-4.0/-/gtk-4.0-4.23.0-4.0.0-rc.4.tgz",
      "integrity": "sha512-VCK/sluA4fiUSW9ovDrLynjUDkmyoSt0005Yoc6KnkR/yyvvWo92W1vIejS8yVPIxDd4PU4DYLCF8dj7/P4Alw==",
      "dev": true,
      "license": "MIT",
      "dependencies": {
        "@girs/cairo-1.0": "1.0.0-4.0.0-rc.4",
        "@girs/freetype2-2.0": "2.0.0-4.0.0-rc.4",
        "@girs/gdk-4.0": "4.0.0-4.0.0-rc.4",
        "@girs/gdkpixbuf-2.0": "2.0.0-4.0.0-rc.4",
        "@girs/gio-2.0": "2.88.0-4.0.0-rc.4",
        "@girs/gjs": "4.0.0-rc.4",
        "@girs/glib-2.0": "2.88.0-4.0.0-rc.4",
        "@girs/gmodule-2.0": "2.0.0-4.0.0-rc.4",
        "@girs/gobject-2.0": "2.88.0-4.0.0-rc.4",
        "@girs/graphene-1.0": "1.0.0-4.0.0-rc.4",
        "@girs/gsk-4.0": "4.0.0-4.0.0-rc.4",
        "@girs/harfbuzz-0.0": "13.2.1-4.0.0-rc.4",
        "@girs/pango-1.0": "1.57.1-4.0.0-rc.4",
        "@girs/pangocairo-1.0": "1.0.0-4.0.0-rc.4"
      }
    },
    "node_modules/@girs/harfbuzz-0.0": {
      "version": "13.2.1-4.0.0-rc.4",
      "resolved": "https://registry.npmjs.org/@girs/harfbuzz-0.0/-/harfbuzz-0.0-13.2.1-4.0.0-rc.4.tgz",
      "integrity": "sha512-wWDO/GJebGKnIkBWVc6KAEaxT7mjjJV7VJhf/3m2TvmlWHofNxNQi7qvORzhpZQh0y4P876R/sPtvsNrx8rL5Q==",
      "dev": true,
      "license": "MIT",
      "dependencies": {
        "@girs/freetype2-2.0": "2.0.0-4.0.0-rc.4",
        "@girs/gjs": "4.0.0-rc.4",
        "@girs/glib-2.0": "2.88.0-4.0.0-rc.4",
        "@girs/gobject-2.0": "2.88.0-4.0.0-rc.4"
      }
    },
    "node_modules/@girs/pango-1.0": {
      "version": "1.57.1-4.0.0-rc.4",
      "resolved": "https://registry.npmjs.org/@girs/pango-1.0/-/pango-1.0-1.57.1-4.0.0-rc.4.tgz",
      "integrity": "sha512-SlYr3FlLvBx2+HwP/3Q7MbQs41JSubTZAQTONbDFMxphABgf8yueVaxFbDhLU9f/wgJ8Gaq1Ay3hCMe3KLk1vA==",
      "dev": true,
      "license": "MIT",
      "dependencies": {
        "@girs/cairo-1.0": "1.0.0-4.0.0-rc.4",
        "@girs/freetype2-2.0": "2.0.0-4.0.0-rc.4",
        "@girs/gio-2.0": "2.88.0-4.0.0-rc.4",
        "@girs/gjs": "4.0.0-rc.4",
        "@girs/glib-2.0": "2.88.0-4.0.0-rc.4",
        "@girs/gmodule-2.0": "2.0.0-4.0.0-rc.4",
        "@girs/gobject-2.0": "2.88.0-4.0.0-rc.4",
        "@girs/harfbuzz-0.0": "13.2.1-4.0.0-rc.4"
      }
    },
    "node_modules/@girs/pangocairo-1.0": {
      "version": "1.0.0-4.0.0-rc.4",
      "resolved": "https://registry.npmjs.org/@girs/pangocairo-1.0/-/pangocairo-1.0-1.0.0-4.0.0-rc.4.tgz",
      "integrity": "sha512-0c7xmuMCtdXJ1wy7ZQU/TNz99P1mtk/9GpFb8Iq/k9mzJEO++IrRWIjFVxkEV5kXsYebq4qsDhUJqH094XZnpQ==",
      "dev": true,
      "license": "MIT",
      "dependencies": {
        "@girs/cairo-1.0": "1.0.0-4.0.0-rc.4",
        "@girs/freetype2-2.0": "2.0.0-4.0.0-rc.4",
        "@girs/gio-2.0": "2.88.0-4.0.0-rc.4",
        "@girs/gjs": "4.0.0-rc.4",
        "@girs/glib-2.0": "2.88.0-4.0.0-rc.4",
        "@girs/gmodule-2.0": "2.0.0-4.0.0-rc.4",
        "@girs/gobject-2.0": "2.88.0-4.0.0-rc.4",
        "@girs/harfbuzz-0.0": "13.2.1-4.0.0-rc.4",
        "@girs/pango-1.0": "1.57.1-4.0.0-rc.4"
      }
    },
    "node_modules/astal": {
      "resolved": "../../../../../../../src/astal/lang/gjs",
      "link": true
    }
  }
}
